
Microsoft Visual Studio Solution File, Format Version 12.00
# Visual Studio 15
VisualStudioVersion = 15.0.28307.705
MinimumVisualStudioVersion = 10.0.40219.1
Project("{8BC9CEB8-8B4A-11D0-8D11-00A0C91BC942}") = "ConsoleApplication1", "ConsoleApplication1\ConsoleApplication1.vcxproj", "{9B06C854-1CDA-4D97-829A-828DF6376908}"
EndProject
Global
	GlobalSection(SolutionConfigurationPlatforms) = preSolution
		Debug|x64 = Debug|x64
		Debug|x86 = Debug|x86
		Release|x64 = Release|x64
		Release|x86 = Release|x86
	EndGlobalSection
	GlobalSection(ProjectConfigurationPlatforms) = postSolution
		{9B06C854-1CDA-4D97-829A-828DF6376908}.Debug|x64.ActiveCfg = Debug|x64
		{9B06C854-1CDA-4D97-829A-828DF6376908}.Debug|x64.Build.0 = Debug|x64
		{9B06C854-1CDA-4D97-829A-828DF6376908}.Debug|x86.ActiveCfg = Debug|Win32
		{9B06C854-1CDA-4D97-829A-828DF6376908}.Debug|x86.Build.0 = Debug|Win32
		{9B06C854-1CDA-4D97-829A-828DF6376908}.Release|x64.ActiveCfg = Release|x64
		{9B06C854-1CDA-4D97-829A-828DF6376908}.Release|x64.Build.0 = Release|x64
		{9B06C854-1CDA-4D97-829A-828DF6376908}.Release|x86.ActiveCfg = Release|Win32
		{9B06C854-1CDA-4D97-829A-828DF6376908}.Release|x86.Build.0 = Release|Win32
	EndGlobalSection
	GlobalSection(SolutionProperties) = preSolution
		HideSolutionNode = FALSE
	EndGlobalSection
	GlobalSection(ExtensibilityGlobals) = postSolution
		SolutionGuid = {82FE74DF-BE63-429A-B1EF-1E6BDE3FAEB4}
	EndGlobalSection
EndGlobal
