
Microsoft Visual Studio Solution File, Format Version 12.00
# Visual Studio 15
VisualStudioVersion = 15.0.28307.705
MinimumVisualStudioVersion = 10.0.40219.1
Project("{8BC9CEB8-8B4A-11D0-8D11-00A0C91BC942}") = "123", "123\123.vcxproj", "{47C6595A-2ADE-4C7D-B95F-A67F518EC42E}"
EndProject
Global
	GlobalSection(SolutionConfigurationPlatforms) = preSolution
		Debug|x64 = Debug|x64
		Debug|x86 = Debug|x86
		Release|x64 = Release|x64
		Release|x86 = Release|x86
	EndGlobalSection
	GlobalSection(ProjectConfigurationPlatforms) = postSolution
		{47C6595A-2ADE-4C7D-B95F-A67F518EC42E}.Debug|x64.ActiveCfg = Debug|x64
		{47C6595A-2ADE-4C7D-B95F-A67F518EC42E}.Debug|x64.Build.0 = Debug|x64
		{47C6595A-2ADE-4C7D-B95F-A67F518EC42E}.Debug|x86.ActiveCfg = Debug|Win32
		{47C6595A-2ADE-4C7D-B95F-A67F518EC42E}.Debug|x86.Build.0 = Debug|Win32
		{47C6595A-2ADE-4C7D-B95F-A67F518EC42E}.Release|x64.ActiveCfg = Release|x64
		{47C6595A-2ADE-4C7D-B95F-A67F518EC42E}.Release|x64.Build.0 = Release|x64
		{47C6595A-2ADE-4C7D-B95F-A67F518EC42E}.Release|x86.ActiveCfg = Release|Win32
		{47C6595A-2ADE-4C7D-B95F-A67F518EC42E}.Release|x86.Build.0 = Release|Win32
	EndGlobalSection
	GlobalSection(SolutionProperties) = preSolution
		HideSolutionNode = FALSE
	EndGlobalSection
	GlobalSection(ExtensibilityGlobals) = postSolution
		SolutionGuid = {21C584BD-023D-4B24-952F-572689230399}
	EndGlobalSection
EndGlobal
